
Microsoft Visual Studio Solution File, Format Version 12.00
# Visual Studio Version 16
VisualStudioVersion = 16.0.30309.148
MinimumVisualStudioVersion = 10.0.40219.1
Project("{FAE04EC0-301F-11D3-BF4B-00C04F79EFBC}") = "Faker", "Faker\Faker.csproj", "{B4967E8C-0687-4077-8F2E-6A8CB9BBE6C8}"
EndProject
Global
	GlobalSection(SolutionConfigurationPlatforms) = preSolution
		Debug|Any CPU = Debug|Any CPU
		Release|Any CPU = Release|Any CPU
	EndGlobalSection
	GlobalSection(ProjectConfigurationPlatforms) = postSolution
		{B4967E8C-0687-4077-8F2E-6A8CB9BBE6C8}.Debug|Any CPU.ActiveCfg = Debug|Any CPU
		{B4967E8C-0687-4077-8F2E-6A8CB9BBE6C8}.Debug|Any CPU.Build.0 = Debug|Any CPU
		{B4967E8C-0687-4077-8F2E-6A8CB9BBE6C8}.Release|Any CPU.ActiveCfg = Release|Any CPU
		{B4967E8C-0687-4077-8F2E-6A8CB9BBE6C8}.Release|Any CPU.Build.0 = Release|Any CPU
	EndGlobalSection
	GlobalSection(SolutionProperties) = preSolution
		HideSolutionNode = FALSE
	EndGlobalSection
	GlobalSection(ExtensibilityGlobals) = postSolution
		SolutionGuid = {3084DD55-0BF5-412D-8F5E-E4BD7C1B0A23}
	EndGlobalSection
EndGlobal
